
Microsoft Visual Studio Solution File, Format Version 12.00
# Visual Studio Version 16
VisualStudioVersion = 16.0.31624.102
MinimumVisualStudioVersion = 10.0.40219.1
Project("{FAE04EC0-301F-11D3-BF4B-00C04F79EFBC}") = "MLiraA2_4SS", "MLiraA2_4SS\MLiraA2_4SS.csproj", "{B8C273A2-8A0F-447F-9B54-D714F1AA1B41}"
EndProject
Global
	GlobalSection(SolutionConfigurationPlatforms) = preSolution
		Debug|Any CPU = Debug|Any CPU
		Release|Any CPU = Release|Any CPU
	EndGlobalSection
	GlobalSection(ProjectConfigurationPlatforms) = postSolution
		{B8C273A2-8A0F-447F-9B54-D714F1AA1B41}.Debug|Any CPU.ActiveCfg = Debug|Any CPU
		{B8C273A2-8A0F-447F-9B54-D714F1AA1B41}.Debug|Any CPU.Build.0 = Debug|Any CPU
		{B8C273A2-8A0F-447F-9B54-D714F1AA1B41}.Release|Any CPU.ActiveCfg = Release|Any CPU
		{B8C273A2-8A0F-447F-9B54-D714F1AA1B41}.Release|Any CPU.Build.0 = Release|Any CPU
	EndGlobalSection
	GlobalSection(SolutionProperties) = preSolution
		HideSolutionNode = FALSE
	EndGlobalSection
	GlobalSection(ExtensibilityGlobals) = postSolution
		SolutionGuid = {BC29B536-2365-40A2-A915-6E7D0501E631}
	EndGlobalSection
EndGlobal
